
Microsoft Visual Studio Solution File, Format Version 12.00
# Visual Studio 15
VisualStudioVersion = 15.0.27004.2010
MinimumVisualStudioVersion = 10.0.40219.1
Project("{FAE04EC0-301F-11D3-BF4B-00C04F79EFBC}") = "SeleniumTestRun", "SeleniumTestRun\SeleniumTestRun.csproj", "{570DD34A-6491-48F5-B292-D9A16E46404F}"
EndProject
Global
	GlobalSection(SolutionConfigurationPlatforms) = preSolution
		Debug|Any CPU = Debug|Any CPU
		Release|Any CPU = Release|Any CPU
	EndGlobalSection
	GlobalSection(ProjectConfigurationPlatforms) = postSolution
		{570DD34A-6491-48F5-B292-D9A16E46404F}.Debug|Any CPU.ActiveCfg = Debug|Any CPU
		{570DD34A-6491-48F5-B292-D9A16E46404F}.Debug|Any CPU.Build.0 = Debug|Any CPU
		{570DD34A-6491-48F5-B292-D9A16E46404F}.Release|Any CPU.ActiveCfg = Release|Any CPU
		{570DD34A-6491-48F5-B292-D9A16E46404F}.Release|Any CPU.Build.0 = Release|Any CPU
	EndGlobalSection
	GlobalSection(SolutionProperties) = preSolution
		HideSolutionNode = FALSE
	EndGlobalSection
	GlobalSection(ExtensibilityGlobals) = postSolution
		SolutionGuid = {A2D2EEAB-3BA1-4D03-9D4A-78DAD45C15B3}
	EndGlobalSection
EndGlobal
